// !$*UTF8*$!
{
	archiveVersion = 1;
	classes = {
	};
	objectVersion = 56;
	objects = {

/* Begin PBXBuildFile section */
		0C12DBA32A712D6A00427527 /* CartProduct.swift in Sources */ = {isa = PBXBuildFile; fileRef = 0C12DBA22A712D6A00427527 /* CartProduct.swift */; };
		0C219D2F2A654C4D0048D977 /* EcommerceApp.swift in Sources */ = {isa = PBXBuildFile; fileRef = 0C219D2E2A654C4D0048D977 /* EcommerceApp.swift */; };
		0C219D332A654C4F0048D977 /* Assets.xcassets in Resources */ = {isa = PBXBuildFile; fileRef = 0C219D322A654C4F0048D977 /* Assets.xcassets */; };
		0C219D362A654C4F0048D977 /* Preview Assets.xcassets in Resources */ = {isa = PBXBuildFile; fileRef = 0C219D352A654C4F0048D977 /* Preview Assets.xcassets */; };
		0C34CA632A655BFB00185CEF /* Product.swift in Sources */ = {isa = PBXBuildFile; fileRef = 0C34CA622A655BFB00185CEF /* Product.swift */; };
		0C34CA652A65600900185CEF /* ListView.swift in Sources */ = {isa = PBXBuildFile; fileRef = 0C34CA642A65600900185CEF /* ListView.swift */; };
		0C34CA672A6568C900185CEF /* Cart.swift in Sources */ = {isa = PBXBuildFile; fileRef = 0C34CA662A6568C900185CEF /* Cart.swift */; };
		0C373CC82A7952D1006A89A7 /* Rating.swift in Sources */ = {isa = PBXBuildFile; fileRef = 0C373CC72A7952D1006A89A7 /* Rating.swift */; };
		0C54F8E42A72A50A00BBA3AB /* Stripe in Frameworks */ = {isa = PBXBuildFile; productRef = 0C54F8E32A72A50A00BBA3AB /* Stripe */; };
		0C54F8E62A72A50A00BBA3AB /* StripeApplePay in Frameworks */ = {isa = PBXBuildFile; productRef = 0C54F8E52A72A50A00BBA3AB /* StripeApplePay */; };
		0C54F8E82A72A50A00BBA3AB /* StripeCardScan in Frameworks */ = {isa = PBXBuildFile; productRef = 0C54F8E72A72A50A00BBA3AB /* StripeCardScan */; };
		0C54F8EA2A72A50A00BBA3AB /* StripeFinancialConnections in Frameworks */ = {isa = PBXBuildFile; productRef = 0C54F8E92A72A50A00BBA3AB /* StripeFinancialConnections */; };
		0C54F8EC2A72A50A00BBA3AB /* StripeIdentity in Frameworks */ = {isa = PBXBuildFile; productRef = 0C54F8EB2A72A50A00BBA3AB /* StripeIdentity */; };
		0C54F8EE2A72A50A00BBA3AB /* StripePaymentSheet in Frameworks */ = {isa = PBXBuildFile; productRef = 0C54F8ED2A72A50A00BBA3AB /* StripePaymentSheet */; };
		0C54F8F02A72A50A00BBA3AB /* StripePayments in Frameworks */ = {isa = PBXBuildFile; productRef = 0C54F8EF2A72A50A00BBA3AB /* StripePayments */; };
		0C54F8F22A72A50A00BBA3AB /* StripePaymentsUI in Frameworks */ = {isa = PBXBuildFile; productRef = 0C54F8F12A72A50A00BBA3AB /* StripePaymentsUI */; };
		0C54F8F42A72A57800BBA3AB /* PaymentManager.swift in Sources */ = {isa = PBXBuildFile; fileRef = 0C54F8F32A72A57800BBA3AB /* PaymentManager.swift */; };
		0C9C9FF32A671183000A167B /* CartManager.swift in Sources */ = {isa = PBXBuildFile; fileRef = 0C9C9FF22A671183000A167B /* CartManager.swift */; };
/* End PBXBuildFile section */

/* Begin PBXFileReference section */
		0C12DBA22A712D6A00427527 /* CartProduct.swift */ = {isa = PBXFileReference; lastKnownFileType = sourcecode.swift; path = CartProduct.swift; sourceTree = "<group>"; };
		0C219D2B2A654C4D0048D977 /* Ecommerce.app */ = {isa = PBXFileReference; explicitFileType = wrapper.application; includeInIndex = 0; path = Ecommerce.app; sourceTree = BUILT_PRODUCTS_DIR; };
		0C219D2E2A654C4D0048D977 /* EcommerceApp.swift */ = {isa = PBXFileReference; lastKnownFileType = sourcecode.swift; path = EcommerceApp.swift; sourceTree = "<group>"; };
		0C219D322A654C4F0048D977 /* Assets.xcassets */ = {isa = PBXFileReference; lastKnownFileType = folder.assetcatalog; path = Assets.xcassets; sourceTree = "<group>"; };
		0C219D352A654C4F0048D977 /* Preview Assets.xcassets */ = {isa = PBXFileReference; lastKnownFileType = folder.assetcatalog; path = "Preview Assets.xcassets"; sourceTree = "<group>"; };
		0C34CA622A655BFB00185CEF /* Product.swift */ = {isa = PBXFileReference; lastKnownFileType = sourcecode.swift; path = Product.swift; sourceTree = "<group>"; };
		0C34CA642A65600900185CEF /* ListView.swift */ = {isa = PBXFileReference; lastKnownFileType = sourcecode.swift; path = ListView.swift; sourceTree = "<group>"; };
		0C34CA662A6568C900185CEF /* Cart.swift */ = {isa = PBXFileReference; lastKnownFileType = sourcecode.swift; path = Cart.swift; sourceTree = "<group>"; };
		0C373CC72A7952D1006A89A7 /* Rating.swift */ = {isa = PBXFileReference; lastKnownFileType = sourcecode.swift; path = Rating.swift; sourceTree = "<group>"; };
		0C54F8F32A72A57800BBA3AB /* PaymentManager.swift */ = {isa = PBXFileReference; lastKnownFileType = sourcecode.swift; path = PaymentManager.swift; sourceTree = "<group>"; };
		0C9C9FF22A671183000A167B /* CartManager.swift */ = {isa = PBXFileReference; lastKnownFileType = sourcecode.swift; path = CartManager.swift; sourceTree = "<group>"; };
/* End PBXFileReference section */

/* Begin PBXFrameworksBuildPhase section */
		0C219D282A654C4D0048D977 /* Frameworks */ = {
			isa = PBXFrameworksBuildPhase;
			buildActionMask = 2147483647;
			files = (
				0C54F8E82A72A50A00BBA3AB /* StripeCardScan in Frameworks */,
				0C54F8EA2A72A50A00BBA3AB /* StripeFinancialConnections in Frameworks */,
				0C54F8EC2A72A50A00BBA3AB /* StripeIdentity in Frameworks */,
				0C54F8E42A72A50A00BBA3AB /* Stripe in Frameworks */,
				0C54F8EE2A72A50A00BBA3AB /* StripePaymentSheet in Frameworks */,
				0C54F8F02A72A50A00BBA3AB /* StripePayments in Frameworks */,
				0C54F8F22A72A50A00BBA3AB /* StripePaymentsUI in Frameworks */,
				0C54F8E62A72A50A00BBA3AB /* StripeApplePay in Frameworks */,
			);
			runOnlyForDeploymentPostprocessing = 0;
		};
/* End PBXFrameworksBuildPhase section */

/* Begin PBXGroup section */
		0C219D222A654C4D0048D977 = {
			isa = PBXGroup;
			children = (
				0C219D2D2A654C4D0048D977 /* Ecommerce */,
				0C219D2C2A654C4D0048D977 /* Products */,
			);
			sourceTree = "<group>";
		};
		0C219D2C2A654C4D0048D977 /* Products */ = {
			isa = PBXGroup;
			children = (
				0C219D2B2A654C4D0048D977 /* Ecommerce.app */,
			);
			name = Products;
			sourceTree = "<group>";
		};
		0C219D2D2A654C4D0048D977 /* Ecommerce */ = {
			isa = PBXGroup;
			children = (
				0C9C9FF12A671169000A167B /* ViewModels */,
				0C34CA612A655BE100185CEF /* Model */,
				0C219D2E2A654C4D0048D977 /* EcommerceApp.swift */,
				0C219D322A654C4F0048D977 /* Assets.xcassets */,
				0C219D342A654C4F0048D977 /* Preview Content */,
				0C9C9FF42A672E35000A167B /* Views */,
			);
			path = Ecommerce;
			sourceTree = "<group>";
		};
		0C219D342A654C4F0048D977 /* Preview Content */ = {
			isa = PBXGroup;
			children = (
				0C219D352A654C4F0048D977 /* Preview Assets.xcassets */,
			);
			path = "Preview Content";
			sourceTree = "<group>";
		};
		0C34CA612A655BE100185CEF /* Model */ = {
			isa = PBXGroup;
			children = (
				0C34CA622A655BFB00185CEF /* Product.swift */,
				0C34CA662A6568C900185CEF /* Cart.swift */,
				0C12DBA22A712D6A00427527 /* CartProduct.swift */,
				0C373CC72A7952D1006A89A7 /* Rating.swift */,
			);
			path = Model;
			sourceTree = "<group>";
		};
		0C9C9FF12A671169000A167B /* ViewModels */ = {
			isa = PBXGroup;
			children = (
				0C9C9FF22A671183000A167B /* CartManager.swift */,
				0C54F8F32A72A57800BBA3AB /* PaymentManager.swift */,
			);
			path = ViewModels;
			sourceTree = "<group>";
		};
		0C9C9FF42A672E35000A167B /* Views */ = {
			isa = PBXGroup;
			children = (
				0C34CA642A65600900185CEF /* ListView.swift */,
			);
			path = Views;
			sourceTree = "<group>";
		};
/* End PBXGroup section */

/* Begin PBXNativeTarget section */
		0C219D2A2A654C4D0048D977 /* Ecommerce */ = {
			isa = PBXNativeTarget;
			buildConfigurationList = 0C219D392A654C4F0048D977 /* Build configuration list for PBXNativeTarget "Ecommerce" */;
			buildPhases = (
				0C219D272A654C4D0048D977 /* Sources */,
				0C219D282A654C4D0048D977 /* Frameworks */,
				0C219D292A654C4D0048D977 /* Resources */,
			);
			buildRules = (
			);
			dependencies = (
			);
			name = Ecommerce;
			packageProductDependencies = (
				0C54F8E32A72A50A00BBA3AB /* Stripe */,
				0C54F8E52A72A50A00BBA3AB /* StripeApplePay */,
				0C54F8E72A72A50A00BBA3AB /* StripeCardScan */,
				0C54F8E92A72A50A00BBA3AB /* StripeFinancialConnections */,
				0C54F8EB2A72A50A00BBA3AB /* StripeIdentity */,
				0C54F8ED2A72A50A00BBA3AB /* StripePaymentSheet */,
				0C54F8EF2A72A50A00BBA3AB /* StripePayments */,
				0C54F8F12A72A50A00BBA3AB /* StripePaymentsUI */,
			);
			productName = Ecommerce;
			productReference = 0C219D2B2A654C4D0048D977 /* Ecommerce.app */;
			productType = "com.apple.product-type.application";
		};
/* End PBXNativeTarget section */

/* Begin PBXProject section */
		0C219D232A654C4D0048D977 /* Project object */ = {
			isa = PBXProject;
			attributes = {
				BuildIndependentTargetsInParallel = 1;
				LastSwiftUpdateCheck = 1420;
				LastUpgradeCheck = 1420;
				TargetAttributes = {
					0C219D2A2A654C4D0048D977 = {
						CreatedOnToolsVersion = 14.2;
					};
				};
			};
			buildConfigurationList = 0C219D262A654C4D0048D977 /* Build configuration list for PBXProject "Ecommerce" */;
			compatibilityVersion = "Xcode 14.0";
			developmentRegion = en;
			hasScannedForEncodings = 0;
			knownRegions = (
				en,
				Base,
			);
			mainGroup = 0C219D222A654C4D0048D977;
			packageReferences = (
				0C54F8E22A72A50A00BBA3AB /* XCRemoteSwiftPackageReference "stripe-ios-spm" */,
			);
			productRefGroup = 0C219D2C2A654C4D0048D977 /* Products */;
			projectDirPath = "";
			projectRoot = "";
			targets = (
				0C219D2A2A654C4D0048D977 /* Ecommerce */,
			);
		};
/* End PBXProject section */

/* Begin PBXResourcesBuildPhase section */
		0C219D292A654C4D0048D977 /* Resources */ = {
			isa = PBXResourcesBuildPhase;
			buildActionMask = 2147483647;
			files = (
				0C219D362A654C4F0048D977 /* Preview Assets.xcassets in Resources */,
				0C219D332A654C4F0048D977 /* Assets.xcassets in Resources */,
			);
			runOnlyForDeploymentPostprocessing = 0;
		};
/* End PBXResourcesBuildPhase section */

/* Begin PBXSourcesBuildPhase section */
		0C219D272A654C4D0048D977 /* Sources */ = {
			isa = PBXSourcesBuildPhase;
			buildActionMask = 2147483647;
			files = (
				0C34CA652A65600900185CEF /* ListView.swift in Sources */,
				0C9C9FF32A671183000A167B /* CartManager.swift in Sources */,
				0C54F8F42A72A57800BBA3AB /* PaymentManager.swift in Sources */,
				0C34CA672A6568C900185CEF /* Cart.swift in Sources */,
				0C373CC82A7952D1006A89A7 /* Rating.swift in Sources */,
				0C34CA632A655BFB00185CEF /* Product.swift in Sources */,
				0C219D2F2A654C4D0048D977 /* EcommerceApp.swift in Sources */,
				0C12DBA32A712D6A00427527 /* CartProduct.swift in Sources */,
			);
			runOnlyForDeploymentPostprocessing = 0;
		};
/* End PBXSourcesBuildPhase section */

/* Begin XCBuildConfiguration section */
		0C219D372A654C4F0048D977 /* Debug */ = {
			isa = XCBuildConfiguration;
			buildSettings = {
				ALWAYS_SEARCH_USER_PATHS = NO;
				CLANG_ANALYZER_NONNULL = YES;
				CLANG_ANALYZER_NUMBER_OBJECT_CONVERSION = YES_AGGRESSIVE;
				CLANG_CXX_LANGUAGE_STANDARD = "gnu++20";
				CLANG_ENABLE_MODULES = YES;
				CLANG_ENABLE_OBJC_ARC = YES;
				CLANG_ENABLE_OBJC_WEAK = YES;
				CLANG_WARN_BLOCK_CAPTURE_AUTORELEASING = YES;
				CLANG_WARN_BOOL_CONVERSION = YES;
				CLANG_WARN_COMMA = YES;
				CLANG_WARN_CONSTANT_CONVERSION = YES;
				CLANG_WARN_DEPRECATED_OBJC_IMPLEMENTATIONS = YES;
				CLANG_WARN_DIRECT_OBJC_ISA_USAGE = YES_ERROR;
				CLANG_WARN_DOCUMENTATION_COMMENTS = YES;
				CLANG_WARN_EMPTY_BODY = YES;
				CLANG_WARN_ENUM_CONVERSION = YES;
				CLANG_WARN_INFINITE_RECURSION = YES;
				CLANG_WARN_INT_CONVERSION = YES;
				CLANG_WARN_NON_LITERAL_NULL_CONVERSION = YES;
				CLANG_WARN_OBJC_IMPLICIT_RETAIN_SELF = YES;
				CLANG_WARN_OBJC_LITERAL_CONVERSION = YES;
				CLANG_WARN_OBJC_ROOT_CLASS = YES_ERROR;
				CLANG_WARN_QUOTED_INCLUDE_IN_FRAMEWORK_HEADER = YES;
				CLANG_WARN_RANGE_LOOP_ANALYSIS = YES;
				CLANG_WARN_STRICT_PROTOTYPES = YES;
				CLANG_WARN_SUSPICIOUS_MOVE = YES;
				CLANG_WARN_UNGUARDED_AVAILABILITY = YES_AGGRESSIVE;
				CLANG_WARN_UNREACHABLE_CODE = YES;
				CLANG_WARN__DUPLICATE_METHOD_MATCH = YES;
				COPY_PHASE_STRIP = NO;
				DEBUG_INFORMATION_FORMAT = dwarf;
				ENABLE_STRICT_OBJC_MSGSEND = YES;
				ENABLE_TESTABILITY = YES;
				GCC_C_LANGUAGE_STANDARD = gnu11;
				GCC_DYNAMIC_NO_PIC = NO;
				GCC_NO_COMMON_BLOCKS = YES;
				GCC_OPTIMIZATION_LEVEL = 0;
				GCC_PREPROCESSOR_DEFINITIONS = (
					"DEBUG=1",
					"$(inherited)",
				);
				GCC_WARN_64_TO_32_BIT_CONVERSION = YES;
				GCC_WARN_ABOUT_RETURN_TYPE = YES_ERROR;
				GCC_WARN_UNDECLARED_SELECTOR = YES;
				GCC_WARN_UNINITIALIZED_AUTOS = YES_AGGRESSIVE;
				GCC_WARN_UNUSED_FUNCTION = YES;
				GCC_WARN_UNUSED_VARIABLE = YES;
				IPHONEOS_DEPLOYMENT_TARGET = 16.2;
				MTL_ENABLE_DEBUG_INFO = INCLUDE_SOURCE;
				MTL_FAST_MATH = YES;
				ONLY_ACTIVE_ARCH = YES;
				SDKROOT = iphoneos;
				SWIFT_ACTIVE_COMPILATION_CONDITIONS = DEBUG;
				SWIFT_OPTIMIZATION_LEVEL = "-Onone";
			};
			name = Debug;
		};
		0C219D382A654C4F0048D977 /* Release */ = {
			isa = XCBuildConfiguration;
			buildSettings = {
				ALWAYS_SEARCH_USER_PATHS = NO;
				CLANG_ANALYZER_NONNULL = YES;
				CLANG_ANALYZER_NUMBER_OBJECT_CONVERSION = YES_AGGRESSIVE;
				CLANG_CXX_LANGUAGE_STANDARD = "gnu++20";
				CLANG_ENABLE_MODULES = YES;
				CLANG_ENABLE_OBJC_ARC = YES;
				CLANG_ENABLE_OBJC_WEAK = YES;
				CLANG_WARN_BLOCK_CAPTURE_AUTORELEASING = YES;
				CLANG_WARN_BOOL_CONVERSION = YES;
				CLANG_WARN_COMMA = YES;
				CLANG_WARN_CONSTANT_CONVERSION = YES;
				CLANG_WARN_DEPRECATED_OBJC_IMPLEMENTATIONS = YES;
				CLANG_WARN_DIRECT_OBJC_ISA_USAGE = YES_ERROR;
				CLANG_WARN_DOCUMENTATION_COMMENTS = YES;
				CLANG_WARN_EMPTY_BODY = YES;
				CLANG_WARN_ENUM_CONVERSION = YES;
				CLANG_WARN_INFINITE_RECURSION = YES;
				CLANG_WARN_INT_CONVERSION = YES;
				CLANG_WARN_NON_LITERAL_NULL_CONVERSION = YES;
				CLANG_WARN_OBJC_IMPLICIT_RETAIN_SELF = YES;
				CLANG_WARN_OBJC_LITERAL_CONVERSION = YES;
				CLANG_WARN_OBJC_ROOT_CLASS = YES_ERROR;
				CLANG_WARN_QUOTED_INCLUDE_IN_FRAMEWORK_HEADER = YES;
				CLANG_WARN_RANGE_LOOP_ANALYSIS = YES;
				CLANG_WARN_STRICT_PROTOTYPES = YES;
				CLANG_WARN_SUSPICIOUS_MOVE = YES;
				CLANG_WARN_UNGUARDED_AVAILABILITY = YES_AGGRESSIVE;
				CLANG_WARN_UNREACHABLE_CODE = YES;
				CLANG_WARN__DUPLICATE_METHOD_MATCH = YES;
				COPY_PHASE_STRIP = NO;
				DEBUG_INFORMATION_FORMAT = "dwarf-with-dsym";
				ENABLE_NS_ASSERTIONS = NO;
				ENABLE_STRICT_OBJC_MSGSEND = YES;
				GCC_C_LANGUAGE_STANDARD = gnu11;
				GCC_NO_COMMON_BLOCKS = YES;
				GCC_WARN_64_TO_32_BIT_CONVERSION = YES;
				GCC_WARN_ABOUT_RETURN_TYPE = YES_ERROR;
				GCC_WARN_UNDECLARED_SELECTOR = YES;
				GCC_WARN_UNINITIALIZED_AUTOS = YES_AGGRESSIVE;
				GCC_WARN_UNUSED_FUNCTION = YES;
				GCC_WARN_UNUSED_VARIABLE = YES;
				IPHONEOS_DEPLOYMENT_TARGET = 16.2;
				MTL_ENABLE_DEBUG_INFO = NO;
				MTL_FAST_MATH = YES;
				SDKROOT = iphoneos;
				SWIFT_COMPILATION_MODE = wholemodule;
				SWIFT_OPTIMIZATION_LEVEL = "-O";
				VALIDATE_PRODUCT = YES;
			};
			name = Release;
		};
		0C219D3A2A654C4F0048D977 /* Debug */ = {
			isa = XCBuildConfiguration;
			buildSettings = {
				ASSETCATALOG_COMPILER_APPICON_NAME = AppIcon;
				ASSETCATALOG_COMPILER_GLOBAL_ACCENT_COLOR_NAME = AccentColor;
				CODE_SIGN_STYLE = Automatic;
				CURRENT_PROJECT_VERSION = 1;
				DEVELOPMENT_ASSET_PATHS = "\"Ecommerce/Preview Content\"";
				DEVELOPMENT_TEAM = XLPX3M2VSC;
				ENABLE_PREVIEWS = YES;
				GENERATE_INFOPLIST_FILE = YES;
				INFOPLIST_KEY_UIApplicationSceneManifest_Generation = YES;
				INFOPLIST_KEY_UIApplicationSupportsIndirectInputEvents = YES;
				INFOPLIST_KEY_UILaunchScreen_Generation = YES;
				INFOPLIST_KEY_UISupportedInterfaceOrientations_iPad = "UIInterfaceOrientationPortrait UIInterfaceOrientationPortraitUpsideDown UIInterfaceOrientationLandscapeLeft UIInterfaceOrientationLandscapeRight";
				INFOPLIST_KEY_UISupportedInterfaceOrientations_iPhone = "UIInterfaceOrientationPortrait UIInterfaceOrientationLandscapeLeft UIInterfaceOrientationLandscapeRight";
				LD_RUNPATH_SEARCH_PATHS = (
					"$(inherited)",
					"@executable_path/Frameworks",
				);
				MARKETING_VERSION = 1.0;
				PRODUCT_BUNDLE_IDENTIFIER = com.example.Ecommerce;
				PRODUCT_NAME = "$(TARGET_NAME)";
				SWIFT_EMIT_LOC_STRINGS = YES;
				SWIFT_VERSION = 5.0;
				TARGETED_DEVICE_FAMILY = "1,2";
			};
			name = Debug;
		};
		0C219D3B2A654C4F0048D977 /* Release */ = {
			isa = XCBuildConfiguration;
			buildSettings = {
				ASSETCATALOG_COMPILER_APPICON_NAME = AppIcon;
				ASSETCATALOG_COMPILER_GLOBAL_ACCENT_COLOR_NAME = AccentColor;
				CODE_SIGN_STYLE = Automatic;
				CURRENT_PROJECT_VERSION = 1;
				DEVELOPMENT_ASSET_PATHS = "\"Ecommerce/Preview Content\"";
				DEVELOPMENT_TEAM = XLPX3M2VSC;
				ENABLE_PREVIEWS = YES;
				GENERATE_INFOPLIST_FILE = YES;
				INFOPLIST_KEY_UIApplicationSceneManifest_Generation = YES;
				INFOPLIST_KEY_UIApplicationSupportsIndirectInputEvents = YES;
				INFOPLIST_KEY_UILaunchScreen_Generation = YES;
				INFOPLIST_KEY_UISupportedInterfaceOrientations_iPad = "UIInterfaceOrientationPortrait UIInterfaceOrientationPortraitUpsideDown UIInterfaceOrientationLandscapeLeft UIInterfaceOrientationLandscapeRight";
				INFOPLIST_KEY_UISupportedInterfaceOrientations_iPhone = "UIInterfaceOrientationPortrait UIInterfaceOrientationLandscapeLeft UIInterfaceOrientationLandscapeRight";
				LD_RUNPATH_SEARCH_PATHS = (
					"$(inherited)",
					"@executable_path/Frameworks",
				);
				MARKETING_VERSION = 1.0;
				PRODUCT_BUNDLE_IDENTIFIER = com.example.Ecommerce;
				PRODUCT_NAME = "$(TARGET_NAME)";
				SWIFT_EMIT_LOC_STRINGS = YES;
				SWIFT_VERSION = 5.0;
				TARGETED_DEVICE_FAMILY = "1,2";
			};
			name = Release;
		};
/* End XCBuildConfiguration section */

/* Begin XCConfigurationList section */
		0C219D262A654C4D0048D977 /* Build configuration list for PBXProject "Ecommerce" */ = {
			isa = XCConfigurationList;
			buildConfigurations = (
				0C219D372A654C4F0048D977 /* Debug */,
				0C219D382A654C4F0048D977 /* Release */,
			);
			defaultConfigurationIsVisible = 0;
			defaultConfigurationName = Release;
		};
		0C219D392A654C4F0048D977 /* Build configuration list for PBXNativeTarget "Ecommerce" */ = {
			isa = XCConfigurationList;
			buildConfigurations = (
				0C219D3A2A654C4F0048D977 /* Debug */,
				0C219D3B2A654C4F0048D977 /* Release */,
			);
			defaultConfigurationIsVisible = 0;
			defaultConfigurationName = Release;
		};
/* End XCConfigurationList section */

/* Begin XCRemoteSwiftPackageReference section */
		0C54F8E22A72A50A00BBA3AB /* XCRemoteSwiftPackageReference "stripe-ios-spm" */ = {
			isa = XCRemoteSwiftPackageReference;
			repositoryURL = "https://github.com/stripe/stripe-ios-spm";
			requirement = {
				kind = exactVersion;
				version = 23.11.2;
			};
		};
/* End XCRemoteSwiftPackageReference section */

/* Begin XCSwiftPackageProductDependency section */
		0C54F8E32A72A50A00BBA3AB /* Stripe */ = {
			isa = XCSwiftPackageProductDependency;
			package = 0C54F8E22A72A50A00BBA3AB /* XCRemoteSwiftPackageReference "stripe-ios-spm" */;
			productName = Stripe;
		};
		0C54F8E52A72A50A00BBA3AB /* StripeApplePay */ = {
			isa = XCSwiftPackageProductDependency;
			package = 0C54F8E22A72A50A00BBA3AB /* XCRemoteSwiftPackageReference "stripe-ios-spm" */;
			productName = StripeApplePay;
		};
		0C54F8E72A72A50A00BBA3AB /* StripeCardScan */ = {
			isa = XCSwiftPackageProductDependency;
			package = 0C54F8E22A72A50A00BBA3AB /* XCRemoteSwiftPackageReference "stripe-ios-spm" */;
			productName = StripeCardScan;
		};
		0C54F8E92A72A50A00BBA3AB /* StripeFinancialConnections */ = {
			isa = XCSwiftPackageProductDependency;
			package = 0C54F8E22A72A50A00BBA3AB /* XCRemoteSwiftPackageReference "stripe-ios-spm" */;
			productName = StripeFinancialConnections;
		};
		0C54F8EB2A72A50A00BBA3AB /* StripeIdentity */ = {
			isa = XCSwiftPackageProductDependency;
			package = 0C54F8E22A72A50A00BBA3AB /* XCRemoteSwiftPackageReference "stripe-ios-spm" */;
			productName = StripeIdentity;
		};
		0C54F8ED2A72A50A00BBA3AB /* StripePaymentSheet */ = {
			isa = XCSwiftPackageProductDependency;
			package = 0C54F8E22A72A50A00BBA3AB /* XCRemoteSwiftPackageReference "stripe-ios-spm" */;
			productName = StripePaymentSheet;
		};
		0C54F8EF2A72A50A00BBA3AB /* StripePayments */ = {
			isa = XCSwiftPackageProductDependency;
			package = 0C54F8E22A72A50A00BBA3AB /* XCRemoteSwiftPackageReference "stripe-ios-spm" */;
			productName = StripePayments;
		};
		0C54F8F12A72A50A00BBA3AB /* StripePaymentsUI */ = {
			isa = XCSwiftPackageProductDependency;
			package = 0C54F8E22A72A50A00BBA3AB /* XCRemoteSwiftPackageReference "stripe-ios-spm" */;
			productName = StripePaymentsUI;
		};
/* End XCSwiftPackageProductDependency section */
	};
	rootObject = 0C219D232A654C4D0048D977 /* Project object */;
}
